
Microsoft Visual Studio Solution File, Format Version 12.00
# Visual Studio Version 17
VisualStudioVersion = 17.4.33213.308
MinimumVisualStudioVersion = 10.0.40219.1
Project("{9A19103F-16F7-4668-BE54-9A1E7A4F7556}") = "BasTestApi", "BasTestApi.csproj", "{BCF7F636-C9B3-4E8D-96FB-A7A6FB48C28B}"
EndProject
Global
	GlobalSection(SolutionConfigurationPlatforms) = preSolution
		Debug|Any CPU = Debug|Any CPU
		Release|Any CPU = Release|Any CPU
	EndGlobalSection
	GlobalSection(ProjectConfigurationPlatforms) = postSolution
		{BCF7F636-C9B3-4E8D-96FB-A7A6FB48C28B}.Debug|Any CPU.ActiveCfg = Debug|Any CPU
		{BCF7F636-C9B3-4E8D-96FB-A7A6FB48C28B}.Debug|Any CPU.Build.0 = Debug|Any CPU
		{BCF7F636-C9B3-4E8D-96FB-A7A6FB48C28B}.Release|Any CPU.ActiveCfg = Release|Any CPU
		{BCF7F636-C9B3-4E8D-96FB-A7A6FB48C28B}.Release|Any CPU.Build.0 = Release|Any CPU
	EndGlobalSection
	GlobalSection(SolutionProperties) = preSolution
		HideSolutionNode = FALSE
	EndGlobalSection
	GlobalSection(ExtensibilityGlobals) = postSolution
		SolutionGuid = {B23CA7B7-FED0-45B1-BB10-444D8FA860B3}
	EndGlobalSection
EndGlobal
